// !$*UTF8*$!
{
	archiveVersion = 1;
	classes = {
	};
	objectVersion = 48;
	objects = {

/* Begin PBXBuildFile section */
		6E18EC4A1E23E4AC00D93A7B /* Moya+Realm.swift in Sources */ = {isa = PBXBuildFile; fileRef = 6E18EC491E23E4AC00D93A7B /* Moya+Realm.swift */; };
		6E18EC4F1E23E94900D93A7B /* BoxViewController.swift in Sources */ = {isa = PBXBuildFile; fileRef = 6E18EC4D1E23E94900D93A7B /* BoxViewController.swift */; };
		6E18EC501E23E94900D93A7B /* BoxViewController.xib in Resources */ = {isa = PBXBuildFile; fileRef = 6E18EC4E1E23E94900D93A7B /* BoxViewController.xib */; };
		6E18EC5B1E23EBDE00D93A7B /* OpenSans-Bold.ttf in Resources */ = {isa = PBXBuildFile; fileRef = 6E18EC511E23EBBD00D93A7B /* OpenSans-Bold.ttf */; };
		6E18EC5C1E23EBDE00D93A7B /* OpenSans-BoldItalic.ttf in Resources */ = {isa = PBXBuildFile; fileRef = 6E18EC521E23EBBD00D93A7B /* OpenSans-BoldItalic.ttf */; };
		6E18EC5D1E23EBDE00D93A7B /* OpenSans-ExtraBold.ttf in Resources */ = {isa = PBXBuildFile; fileRef = 6E18EC531E23EBBD00D93A7B /* OpenSans-ExtraBold.ttf */; };
		6E18EC5E1E23EBDE00D93A7B /* OpenSans-ExtraBoldItalic.ttf in Resources */ = {isa = PBXBuildFile; fileRef = 6E18EC541E23EBBD00D93A7B /* OpenSans-ExtraBoldItalic.ttf */; };
		6E18EC5F1E23EBDE00D93A7B /* OpenSans-Italic.ttf in Resources */ = {isa = PBXBuildFile; fileRef = 6E18EC551E23EBBD00D93A7B /* OpenSans-Italic.ttf */; };
		6E18EC601E23EBDE00D93A7B /* OpenSans-Light.ttf in Resources */ = {isa = PBXBuildFile; fileRef = 6E18EC561E23EBBD00D93A7B /* OpenSans-Light.ttf */; };
		6E18EC611E23EBDE00D93A7B /* OpenSans-LightItalic.ttf in Resources */ = {isa = PBXBuildFile; fileRef = 6E18EC571E23EBBD00D93A7B /* OpenSans-LightItalic.ttf */; };
		6E18EC621E23EBDE00D93A7B /* OpenSans-Regular.ttf in Resources */ = {isa = PBXBuildFile; fileRef = 6E18EC581E23EBBD00D93A7B /* OpenSans-Regular.ttf */; };
		6E18EC631E23EBDE00D93A7B /* OpenSans-Semibold.ttf in Resources */ = {isa = PBXBuildFile; fileRef = 6E18EC591E23EBBD00D93A7B /* OpenSans-Semibold.ttf */; };
		6E18EC641E23EBDE00D93A7B /* OpenSans-SemiboldItalic.ttf in Resources */ = {isa = PBXBuildFile; fileRef = 6E18EC5A1E23EBBD00D93A7B /* OpenSans-SemiboldItalic.ttf */; };
		6E4A81991E231150004F3BC5 /* JSON.swift in Sources */ = {isa = PBXBuildFile; fileRef = 6E4A81911E231150004F3BC5 /* JSON.swift */; };
		6E4A819B1E231150004F3BC5 /* JSON+Equatable.swift in Sources */ = {isa = PBXBuildFile; fileRef = 6E4A81931E231150004F3BC5 /* JSON+Equatable.swift */; };
		6E4A819C1E231150004F3BC5 /* JSON+Node.swift in Sources */ = {isa = PBXBuildFile; fileRef = 6E4A81941E231150004F3BC5 /* JSON+Node.swift */; };
		6E4A819D1E231150004F3BC5 /* JSON+Parse.swift in Sources */ = {isa = PBXBuildFile; fileRef = 6E4A81951E231150004F3BC5 /* JSON+Parse.swift */; };
		6E4A819E1E231150004F3BC5 /* JSON+Serialize.swift in Sources */ = {isa = PBXBuildFile; fileRef = 6E4A81961E231150004F3BC5 /* JSON+Serialize.swift */; };
		6E4A819F1E231150004F3BC5 /* JSONRepresentable.swift in Sources */ = {isa = PBXBuildFile; fileRef = 6E4A81971E231150004F3BC5 /* JSONRepresentable.swift */; };
		6E4A81A01E231150004F3BC5 /* Sequence+Convertible.swift in Sources */ = {isa = PBXBuildFile; fileRef = 6E4A81981E231150004F3BC5 /* Sequence+Convertible.swift */; };
		6EA46C2A1DC7EF8800F57E8A /* AppDelegate.swift in Sources */ = {isa = PBXBuildFile; fileRef = 6EA46C291DC7EF8800F57E8A /* AppDelegate.swift */; };
		6EA46C311DC7EF8800F57E8A /* Assets.xcassets in Resources */ = {isa = PBXBuildFile; fileRef = 6EA46C301DC7EF8800F57E8A /* Assets.xcassets */; };
		6EA46C341DC7EF8800F57E8A /* LaunchScreen.storyboard in Resources */ = {isa = PBXBuildFile; fileRef = 6EA46C321DC7EF8800F57E8A /* LaunchScreen.storyboard */; };
		6EA46C3F1DC7F2C500F57E8A /* BoxTableViewController.storyboard in Resources */ = {isa = PBXBuildFile; fileRef = 6EA46C3E1DC7F2C500F57E8A /* BoxTableViewController.storyboard */; };
		6EA46C411DC7F3B500F57E8A /* BoxTableViewController.swift in Sources */ = {isa = PBXBuildFile; fileRef = 6EA46C401DC7F3B500F57E8A /* BoxTableViewController.swift */; };
		6EA46C431DC7F3D300F57E8A /* BoxTableViewCell.swift in Sources */ = {isa = PBXBuildFile; fileRef = 6EA46C421DC7F3D300F57E8A /* BoxTableViewCell.swift */; };
		6EA46C501DC7F4AD00F57E8A /* Customer.swift in Sources */ = {isa = PBXBuildFile; fileRef = 6EA46C441DC7F4AD00F57E8A /* Customer.swift */; };
		6EA46C511DC7F4AD00F57E8A /* Vendor.swift in Sources */ = {isa = PBXBuildFile; fileRef = 6EA46C451DC7F4AD00F57E8A /* Vendor.swift */; };
		6EA46C521DC7F4AD00F57E8A /* Subscription.swift in Sources */ = {isa = PBXBuildFile; fileRef = 6EA46C461DC7F4AD00F57E8A /* Subscription.swift */; };
		6EA46C531DC7F4AD00F57E8A /* Shipping.swift in Sources */ = {isa = PBXBuildFile; fileRef = 6EA46C471DC7F4AD00F57E8A /* Shipping.swift */; };
		6EA46C541DC7F4AD00F57E8A /* Session.swift in Sources */ = {isa = PBXBuildFile; fileRef = 6EA46C481DC7F4AD00F57E8A /* Session.swift */; };
		6EA46C551DC7F4AD00F57E8A /* Review.swift in Sources */ = {isa = PBXBuildFile; fileRef = 6EA46C491DC7F4AD00F57E8A /* Review.swift */; };
		6EA46C561DC7F4AD00F57E8A /* Picture.swift in Sources */ = {isa = PBXBuildFile; fileRef = 6EA46C4A1DC7F4AD00F57E8A /* Picture.swift */; };
		6EA46C571DC7F4AD00F57E8A /* Order.swift in Sources */ = {isa = PBXBuildFile; fileRef = 6EA46C4B1DC7F4AD00F57E8A /* Order.swift */; };
		6EA46C581DC7F4AD00F57E8A /* Category.swift in Sources */ = {isa = PBXBuildFile; fileRef = 6EA46C4C1DC7F4AD00F57E8A /* Category.swift */; };
		6EA46C591DC7F4AD00F57E8A /* Box.swift in Sources */ = {isa = PBXBuildFile; fileRef = 6EA46C4D1DC7F4AD00F57E8A /* Box.swift */; };
		6EA46C5B1DC7F4AD00F57E8A /* FeaturedBox.swift in Sources */ = {isa = PBXBuildFile; fileRef = 6EA46C4F1DC7F4AD00F57E8A /* FeaturedBox.swift */; };
		6EA46C5E1DC819D100F57E8A /* Server.swift in Sources */ = {isa = PBXBuildFile; fileRef = 6EA46C5D1DC819D100F57E8A /* Server.swift */; };
		6EA46C601DC932A600F57E8A /* ResponseParsing.swift in Sources */ = {isa = PBXBuildFile; fileRef = 6EA46C5F1DC932A600F57E8A /* ResponseParsing.swift */; };
		6EA46C621DC9394000F57E8A /* Boxes.swift in Sources */ = {isa = PBXBuildFile; fileRef = 6EA46C611DC9394000F57E8A /* Boxes.swift */; };
		88E80931A1A83E1C22D8C8A7 /* Pods_instacrate_ios.framework in Frameworks */ = {isa = PBXBuildFile; fileRef = 9B1F0ED32E4FAE2848D65799 /* Pods_instacrate_ios.framework */; };
/* End PBXBuildFile section */

/* Begin PBXFileReference section */
		0EC54C53D707E5ABCC4AC721 /* Pods-instacrate-ios.debug.xcconfig */ = {isa = PBXFileReference; includeInIndex = 1; lastKnownFileType = text.xcconfig; name = "Pods-instacrate-ios.debug.xcconfig"; path = "Pods/Target Support Files/Pods-instacrate-ios/Pods-instacrate-ios.debug.xcconfig"; sourceTree = "<group>"; };
		6E18EC491E23E4AC00D93A7B /* Moya+Realm.swift */ = {isa = PBXFileReference; fileEncoding = 4; lastKnownFileType = sourcecode.swift; path = "Moya+Realm.swift"; sourceTree = "<group>"; };
		6E18EC4D1E23E94900D93A7B /* BoxViewController.swift */ = {isa = PBXFileReference; fileEncoding = 4; lastKnownFileType = sourcecode.swift; path = BoxViewController.swift; sourceTree = "<group>"; };
		6E18EC4E1E23E94900D93A7B /* BoxViewController.xib */ = {isa = PBXFileReference; fileEncoding = 4; lastKnownFileType = file.xib; path = BoxViewController.xib; sourceTree = "<group>"; };
		6E18EC511E23EBBD00D93A7B /* OpenSans-Bold.ttf */ = {isa = PBXFileReference; lastKnownFileType = file; path = "OpenSans-Bold.ttf"; sourceTree = "<group>"; };
		6E18EC521E23EBBD00D93A7B /* OpenSans-BoldItalic.ttf */ = {isa = PBXFileReference; lastKnownFileType = file; path = "OpenSans-BoldItalic.ttf"; sourceTree = "<group>"; };
		6E18EC531E23EBBD00D93A7B /* OpenSans-ExtraBold.ttf */ = {isa = PBXFileReference; lastKnownFileType = file; path = "OpenSans-ExtraBold.ttf"; sourceTree = "<group>"; };
		6E18EC541E23EBBD00D93A7B /* OpenSans-ExtraBoldItalic.ttf */ = {isa = PBXFileReference; lastKnownFileType = file; path = "OpenSans-ExtraBoldItalic.ttf"; sourceTree = "<group>"; };
		6E18EC551E23EBBD00D93A7B /* OpenSans-Italic.ttf */ = {isa = PBXFileReference; lastKnownFileType = file; path = "OpenSans-Italic.ttf"; sourceTree = "<group>"; };
		6E18EC561E23EBBD00D93A7B /* OpenSans-Light.ttf */ = {isa = PBXFileReference; lastKnownFileType = file; path = "OpenSans-Light.ttf"; sourceTree = "<group>"; };
		6E18EC571E23EBBD00D93A7B /* OpenSans-LightItalic.ttf */ = {isa = PBXFileReference; lastKnownFileType = file; path = "OpenSans-LightItalic.ttf"; sourceTree = "<group>"; };
		6E18EC581E23EBBD00D93A7B /* OpenSans-Regular.ttf */ = {isa = PBXFileReference; lastKnownFileType = file; path = "OpenSans-Regular.ttf"; sourceTree = "<group>"; };
		6E18EC591E23EBBD00D93A7B /* OpenSans-Semibold.ttf */ = {isa = PBXFileReference; lastKnownFileType = file; path = "OpenSans-Semibold.ttf"; sourceTree = "<group>"; };
		6E18EC5A1E23EBBD00D93A7B /* OpenSans-SemiboldItalic.ttf */ = {isa = PBXFileReference; lastKnownFileType = file; path = "OpenSans-SemiboldItalic.ttf"; sourceTree = "<group>"; };
		6E4A81911E231150004F3BC5 /* JSON.swift */ = {isa = PBXFileReference; fileEncoding = 4; lastKnownFileType = sourcecode.swift; path = JSON.swift; sourceTree = "<group>"; };
		6E4A81931E231150004F3BC5 /* JSON+Equatable.swift */ = {isa = PBXFileReference; fileEncoding = 4; lastKnownFileType = sourcecode.swift; path = "JSON+Equatable.swift"; sourceTree = "<group>"; };
		6E4A81941E231150004F3BC5 /* JSON+Node.swift */ = {isa = PBXFileReference; fileEncoding = 4; lastKnownFileType = sourcecode.swift; path = "JSON+Node.swift"; sourceTree = "<group>"; };
		6E4A81951E231150004F3BC5 /* JSON+Parse.swift */ = {isa = PBXFileReference; fileEncoding = 4; lastKnownFileType = sourcecode.swift; path = "JSON+Parse.swift"; sourceTree = "<group>"; };
		6E4A81961E231150004F3BC5 /* JSON+Serialize.swift */ = {isa = PBXFileReference; fileEncoding = 4; lastKnownFileType = sourcecode.swift; path = "JSON+Serialize.swift"; sourceTree = "<group>"; };
		6E4A81971E231150004F3BC5 /* JSONRepresentable.swift */ = {isa = PBXFileReference; fileEncoding = 4; lastKnownFileType = sourcecode.swift; path = JSONRepresentable.swift; sourceTree = "<group>"; };
		6E4A81981E231150004F3BC5 /* Sequence+Convertible.swift */ = {isa = PBXFileReference; fileEncoding = 4; lastKnownFileType = sourcecode.swift; path = "Sequence+Convertible.swift"; sourceTree = "<group>"; };
		6EA46C261DC7EF8800F57E8A /* instacrate-ios.app */ = {isa = PBXFileReference; explicitFileType = wrapper.application; includeInIndex = 0; path = "instacrate-ios.app"; sourceTree = BUILT_PRODUCTS_DIR; };
		6EA46C291DC7EF8800F57E8A /* AppDelegate.swift */ = {isa = PBXFileReference; lastKnownFileType = sourcecode.swift; path = AppDelegate.swift; sourceTree = "<group>"; };
		6EA46C301DC7EF8800F57E8A /* Assets.xcassets */ = {isa = PBXFileReference; lastKnownFileType = folder.assetcatalog; path = Assets.xcassets; sourceTree = "<group>"; };
		6EA46C331DC7EF8800F57E8A /* Base */ = {isa = PBXFileReference; lastKnownFileType = file.storyboard; name = Base; path = Base.lproj/LaunchScreen.storyboard; sourceTree = "<group>"; };
		6EA46C351DC7EF8800F57E8A /* Info.plist */ = {isa = PBXFileReference; lastKnownFileType = text.plist.xml; path = Info.plist; sourceTree = "<group>"; };
		6EA46C3E1DC7F2C500F57E8A /* BoxTableViewController.storyboard */ = {isa = PBXFileReference; fileEncoding = 4; lastKnownFileType = file.storyboard; path = BoxTableViewController.storyboard; sourceTree = "<group>"; };
		6EA46C401DC7F3B500F57E8A /* BoxTableViewController.swift */ = {isa = PBXFileReference; fileEncoding = 4; lastKnownFileType = sourcecode.swift; path = BoxTableViewController.swift; sourceTree = "<group>"; };
		6EA46C421DC7F3D300F57E8A /* BoxTableViewCell.swift */ = {isa = PBXFileReference; fileEncoding = 4; lastKnownFileType = sourcecode.swift; path = BoxTableViewCell.swift; sourceTree = "<group>"; };
		6EA46C441DC7F4AD00F57E8A /* Customer.swift */ = {isa = PBXFileReference; fileEncoding = 4; lastKnownFileType = sourcecode.swift; path = Customer.swift; sourceTree = "<group>"; };
		6EA46C451DC7F4AD00F57E8A /* Vendor.swift */ = {isa = PBXFileReference; fileEncoding = 4; lastKnownFileType = sourcecode.swift; path = Vendor.swift; sourceTree = "<group>"; };
		6EA46C461DC7F4AD00F57E8A /* Subscription.swift */ = {isa = PBXFileReference; fileEncoding = 4; lastKnownFileType = sourcecode.swift; path = Subscription.swift; sourceTree = "<group>"; };
		6EA46C471DC7F4AD00F57E8A /* Shipping.swift */ = {isa = PBXFileReference; fileEncoding = 4; lastKnownFileType = sourcecode.swift; path = Shipping.swift; sourceTree = "<group>"; };
		6EA46C481DC7F4AD00F57E8A /* Session.swift */ = {isa = PBXFileReference; fileEncoding = 4; lastKnownFileType = sourcecode.swift; path = Session.swift; sourceTree = "<group>"; };
		6EA46C491DC7F4AD00F57E8A /* Review.swift */ = {isa = PBXFileReference; fileEncoding = 4; lastKnownFileType = sourcecode.swift; path = Review.swift; sourceTree = "<group>"; };
		6EA46C4A1DC7F4AD00F57E8A /* Picture.swift */ = {isa = PBXFileReference; fileEncoding = 4; lastKnownFileType = sourcecode.swift; path = Picture.swift; sourceTree = "<group>"; };
		6EA46C4B1DC7F4AD00F57E8A /* Order.swift */ = {isa = PBXFileReference; fileEncoding = 4; lastKnownFileType = sourcecode.swift; path = Order.swift; sourceTree = "<group>"; };
		6EA46C4C1DC7F4AD00F57E8A /* Category.swift */ = {isa = PBXFileReference; fileEncoding = 4; lastKnownFileType = sourcecode.swift; path = Category.swift; sourceTree = "<group>"; };
		6EA46C4D1DC7F4AD00F57E8A /* Box.swift */ = {isa = PBXFileReference; fileEncoding = 4; lastKnownFileType = sourcecode.swift; path = Box.swift; sourceTree = "<group>"; };
		6EA46C4F1DC7F4AD00F57E8A /* FeaturedBox.swift */ = {isa = PBXFileReference; fileEncoding = 4; lastKnownFileType = sourcecode.swift; path = FeaturedBox.swift; sourceTree = "<group>"; };
		6EA46C5D1DC819D100F57E8A /* Server.swift */ = {isa = PBXFileReference; fileEncoding = 4; lastKnownFileType = sourcecode.swift; path = Server.swift; sourceTree = "<group>"; };
		6EA46C5F1DC932A600F57E8A /* ResponseParsing.swift */ = {isa = PBXFileReference; fileEncoding = 4; lastKnownFileType = sourcecode.swift; path = ResponseParsing.swift; sourceTree = "<group>"; };
		6EA46C611DC9394000F57E8A /* Boxes.swift */ = {isa = PBXFileReference; fileEncoding = 4; lastKnownFileType = sourcecode.swift; path = Boxes.swift; sourceTree = "<group>"; };
		84225ED4A0FAE2F3E86E50ED /* Pods-instacrate-ios.release.xcconfig */ = {isa = PBXFileReference; includeInIndex = 1; lastKnownFileType = text.xcconfig; name = "Pods-instacrate-ios.release.xcconfig"; path = "Pods/Target Support Files/Pods-instacrate-ios/Pods-instacrate-ios.release.xcconfig"; sourceTree = "<group>"; };
		9B1F0ED32E4FAE2848D65799 /* Pods_instacrate_ios.framework */ = {isa = PBXFileReference; explicitFileType = wrapper.framework; includeInIndex = 0; path = Pods_instacrate_ios.framework; sourceTree = BUILT_PRODUCTS_DIR; };
/* End PBXFileReference section */

/* Begin PBXFrameworksBuildPhase section */
		6EA46C231DC7EF8800F57E8A /* Frameworks */ = {
			isa = PBXFrameworksBuildPhase;
			buildActionMask = 2147483647;
			files = (
				88E80931A1A83E1C22D8C8A7 /* Pods_instacrate_ios.framework in Frameworks */,
			);
			runOnlyForDeploymentPostprocessing = 0;
		};
/* End PBXFrameworksBuildPhase section */

/* Begin PBXGroup section */
		23761DD7BC04EF1146498B5C /* Pods */ = {
			isa = PBXGroup;
			children = (
				0EC54C53D707E5ABCC4AC721 /* Pods-instacrate-ios.debug.xcconfig */,
				84225ED4A0FAE2F3E86E50ED /* Pods-instacrate-ios.release.xcconfig */,
			);
			name = Pods;
			sourceTree = "<group>";
		};
		6EA46C1D1DC7EF8800F57E8A = {
			isa = PBXGroup;
			children = (
				6EA46C281DC7EF8800F57E8A /* instacrate-ios */,
				6EA46C271DC7EF8800F57E8A /* Products */,
				23761DD7BC04EF1146498B5C /* Pods */,
				945EFC66C51C2FCC9D247CD2 /* Frameworks */,
			);
			sourceTree = "<group>";
		};
		6EA46C271DC7EF8800F57E8A /* Products */ = {
			isa = PBXGroup;
			children = (
				6EA46C261DC7EF8800F57E8A /* instacrate-ios.app */,
			);
			name = Products;
			sourceTree = "<group>";
		};
		6EA46C281DC7EF8800F57E8A /* instacrate-ios */ = {
			isa = PBXGroup;
			children = (
				6EA46C291DC7EF8800F57E8A /* AppDelegate.swift */,
				6EA46C5C1DC8011300F57E8A /* Model */,
				6EA46C3E1DC7F2C500F57E8A /* BoxTableViewController.storyboard */,
				6EA46C401DC7F3B500F57E8A /* BoxTableViewController.swift */,
				6EA46C421DC7F3D300F57E8A /* BoxTableViewCell.swift */,
				6E18EC4D1E23E94900D93A7B /* BoxViewController.swift */,
				6E18EC4E1E23E94900D93A7B /* BoxViewController.xib */,
				6EA46C631DC9396500F57E8A /* API Client */,
				6EA46C3B1DC7F00200F57E8A /* Supporting Files */,
			);
			path = "instacrate-ios";
			sourceTree = "<group>";
		};
		6EA46C3B1DC7F00200F57E8A /* Supporting Files */ = {
			isa = PBXGroup;
			children = (
				6E18EC511E23EBBD00D93A7B /* OpenSans-Bold.ttf */,
				6E18EC521E23EBBD00D93A7B /* OpenSans-BoldItalic.ttf */,
				6E18EC531E23EBBD00D93A7B /* OpenSans-ExtraBold.ttf */,
				6E18EC541E23EBBD00D93A7B /* OpenSans-ExtraBoldItalic.ttf */,
				6E18EC551E23EBBD00D93A7B /* OpenSans-Italic.ttf */,
				6E18EC561E23EBBD00D93A7B /* OpenSans-Light.ttf */,
				6E18EC571E23EBBD00D93A7B /* OpenSans-LightItalic.ttf */,
				6E18EC581E23EBBD00D93A7B /* OpenSans-Regular.ttf */,
				6E18EC591E23EBBD00D93A7B /* OpenSans-Semibold.ttf */,
				6E18EC5A1E23EBBD00D93A7B /* OpenSans-SemiboldItalic.ttf */,
				6EA46C301DC7EF8800F57E8A /* Assets.xcassets */,
				6EA46C321DC7EF8800F57E8A /* LaunchScreen.storyboard */,
				6EA46C351DC7EF8800F57E8A /* Info.plist */,
			);
			name = "Supporting Files";
			sourceTree = "<group>";
		};
		6EA46C5C1DC8011300F57E8A /* Model */ = {
			isa = PBXGroup;
			children = (
				6EA46C441DC7F4AD00F57E8A /* Customer.swift */,
				6EA46C451DC7F4AD00F57E8A /* Vendor.swift */,
				6EA46C461DC7F4AD00F57E8A /* Subscription.swift */,
				6EA46C471DC7F4AD00F57E8A /* Shipping.swift */,
				6EA46C481DC7F4AD00F57E8A /* Session.swift */,
				6EA46C491DC7F4AD00F57E8A /* Review.swift */,
				6EA46C4A1DC7F4AD00F57E8A /* Picture.swift */,
				6EA46C4B1DC7F4AD00F57E8A /* Order.swift */,
				6EA46C4C1DC7F4AD00F57E8A /* Category.swift */,
				6EA46C4D1DC7F4AD00F57E8A /* Box.swift */,
				6EA46C4F1DC7F4AD00F57E8A /* FeaturedBox.swift */,
			);
			name = Model;
			sourceTree = "<group>";
		};
		6EA46C631DC9396500F57E8A /* API Client */ = {
			isa = PBXGroup;
			children = (
				6EA46C5D1DC819D100F57E8A /* Server.swift */,
				6EA46C611DC9394000F57E8A /* Boxes.swift */,
				6EA46C5F1DC932A600F57E8A /* ResponseParsing.swift */,
				6E4A81911E231150004F3BC5 /* JSON.swift */,
				6E4A81931E231150004F3BC5 /* JSON+Equatable.swift */,
				6E4A81941E231150004F3BC5 /* JSON+Node.swift */,
				6E4A81951E231150004F3BC5 /* JSON+Parse.swift */,
				6E4A81961E231150004F3BC5 /* JSON+Serialize.swift */,
				6E4A81971E231150004F3BC5 /* JSONRepresentable.swift */,
				6E4A81981E231150004F3BC5 /* Sequence+Convertible.swift */,
				6E18EC491E23E4AC00D93A7B /* Moya+Realm.swift */,
			);
			name = "API Client";
			sourceTree = "<group>";
		};
		945EFC66C51C2FCC9D247CD2 /* Frameworks */ = {
			isa = PBXGroup;
			children = (
				9B1F0ED32E4FAE2848D65799 /* Pods_instacrate_ios.framework */,
			);
			name = Frameworks;
			sourceTree = "<group>";
		};
/* End PBXGroup section */

/* Begin PBXNativeTarget section */
		6EA46C251DC7EF8800F57E8A /* instacrate-ios */ = {
			isa = PBXNativeTarget;
			buildConfigurationList = 6EA46C381DC7EF8800F57E8A /* Build configuration list for PBXNativeTarget "instacrate-ios" */;
			buildPhases = (
				D916EC48D9809918D8E45CFC /* [CP] Check Pods Manifest.lock */,
				6EA46C221DC7EF8800F57E8A /* Sources */,
				6EA46C231DC7EF8800F57E8A /* Frameworks */,
				6EA46C241DC7EF8800F57E8A /* Resources */,
				E56A94D8EC7B1DBBF0623721 /* [CP] Embed Pods Frameworks */,
				D49FAA770EF8AAAE6A41AFB7 /* [CP] Copy Pods Resources */,
			);
			buildRules = (
			);
			dependencies = (
			);
			name = "instacrate-ios";
			productName = "instacrate-ios";
			productReference = 6EA46C261DC7EF8800F57E8A /* instacrate-ios.app */;
			productType = "com.apple.product-type.application";
		};
/* End PBXNativeTarget section */

/* Begin PBXProject section */
		6EA46C1E1DC7EF8800F57E8A /* Project object */ = {
			isa = PBXProject;
			attributes = {
				LastSwiftUpdateCheck = 0810;
				LastUpgradeCheck = 0820;
				ORGANIZATIONNAME = Instacrate;
				TargetAttributes = {
					6EA46C251DC7EF8800F57E8A = {
						CreatedOnToolsVersion = 8.1;
						ProvisioningStyle = Automatic;
					};
				};
			};
			buildConfigurationList = 6EA46C211DC7EF8800F57E8A /* Build configuration list for PBXProject "instacrate-ios" */;
			compatibilityVersion = "Xcode 8.0";
			developmentRegion = English;
			hasScannedForEncodings = 0;
			knownRegions = (
				en,
				Base,
			);
			mainGroup = 6EA46C1D1DC7EF8800F57E8A;
			productRefGroup = 6EA46C271DC7EF8800F57E8A /* Products */;
			projectDirPath = "";
			projectRoot = "";
			targets = (
				6EA46C251DC7EF8800F57E8A /* instacrate-ios */,
			);
		};
/* End PBXProject section */

/* Begin PBXResourcesBuildPhase section */
		6EA46C241DC7EF8800F57E8A /* Resources */ = {
			isa = PBXResourcesBuildPhase;
			buildActionMask = 2147483647;
			files = (
				6E18EC5F1E23EBDE00D93A7B /* OpenSans-Italic.ttf in Resources */,
				6E18EC5C1E23EBDE00D93A7B /* OpenSans-BoldItalic.ttf in Resources */,
				6EA46C341DC7EF8800F57E8A /* LaunchScreen.storyboard in Resources */,
				6E18EC631E23EBDE00D93A7B /* OpenSans-Semibold.ttf in Resources */,
				6E18EC5D1E23EBDE00D93A7B /* OpenSans-ExtraBold.ttf in Resources */,
				6EA46C311DC7EF8800F57E8A /* Assets.xcassets in Resources */,
				6E18EC611E23EBDE00D93A7B /* OpenSans-LightItalic.ttf in Resources */,
				6E18EC501E23E94900D93A7B /* BoxViewController.xib in Resources */,
				6E18EC5B1E23EBDE00D93A7B /* OpenSans-Bold.ttf in Resources */,
				6EA46C3F1DC7F2C500F57E8A /* BoxTableViewController.storyboard in Resources */,
				6E18EC641E23EBDE00D93A7B /* OpenSans-SemiboldItalic.ttf in Resources */,
				6E18EC601E23EBDE00D93A7B /* OpenSans-Light.ttf in Resources */,
				6E18EC621E23EBDE00D93A7B /* OpenSans-Regular.ttf in Resources */,
				6E18EC5E1E23EBDE00D93A7B /* OpenSans-ExtraBoldItalic.ttf in Resources */,
			);
			runOnlyForDeploymentPostprocessing = 0;
		};
/* End PBXResourcesBuildPhase section */

/* Begin PBXShellScriptBuildPhase section */
		D49FAA770EF8AAAE6A41AFB7 /* [CP] Copy Pods Resources */ = {
			isa = PBXShellScriptBuildPhase;
			buildActionMask = 2147483647;
			files = (
			);
			inputPaths = (
			);
			name = "[CP] Copy Pods Resources";
			outputPaths = (
			);
			runOnlyForDeploymentPostprocessing = 0;
			shellPath = /bin/sh;
			shellScript = "\"${SRCROOT}/Pods/Target Support Files/Pods-instacrate-ios/Pods-instacrate-ios-resources.sh\"\n";
			showEnvVarsInLog = 0;
		};
		D916EC48D9809918D8E45CFC /* [CP] Check Pods Manifest.lock */ = {
			isa = PBXShellScriptBuildPhase;
			buildActionMask = 2147483647;
			files = (
			);
			inputPaths = (
			);
			name = "[CP] Check Pods Manifest.lock";
			outputPaths = (
			);
			runOnlyForDeploymentPostprocessing = 0;
			shellPath = /bin/sh;
			shellScript = "diff \"${PODS_ROOT}/../Podfile.lock\" \"${PODS_ROOT}/Manifest.lock\" > /dev/null\nif [ $? != 0 ] ; then\n    # print error to STDERR\n    echo \"error: The sandbox is not in sync with the Podfile.lock. Run 'pod install' or update your CocoaPods installation.\" >&2\n    exit 1\nfi\n";
			showEnvVarsInLog = 0;
		};
		E56A94D8EC7B1DBBF0623721 /* [CP] Embed Pods Frameworks */ = {
			isa = PBXShellScriptBuildPhase;
			buildActionMask = 2147483647;
			files = (
			);
			inputPaths = (
			);
			name = "[CP] Embed Pods Frameworks";
			outputPaths = (
			);
			runOnlyForDeploymentPostprocessing = 0;
			shellPath = /bin/sh;
			shellScript = "\"${SRCROOT}/Pods/Target Support Files/Pods-instacrate-ios/Pods-instacrate-ios-frameworks.sh\"\n";
			showEnvVarsInLog = 0;
		};
/* End PBXShellScriptBuildPhase section */

/* Begin PBXSourcesBuildPhase section */
		6EA46C221DC7EF8800F57E8A /* Sources */ = {
			isa = PBXSourcesBuildPhase;
			buildActionMask = 2147483647;
			files = (
				6E4A819F1E231150004F3BC5 /* JSONRepresentable.swift in Sources */,
				6E4A819B1E231150004F3BC5 /* JSON+Equatable.swift in Sources */,
				6E4A819E1E231150004F3BC5 /* JSON+Serialize.swift in Sources */,
				6EA46C521DC7F4AD00F57E8A /* Subscription.swift in Sources */,
				6EA46C5B1DC7F4AD00F57E8A /* FeaturedBox.swift in Sources */,
				6EA46C501DC7F4AD00F57E8A /* Customer.swift in Sources */,
				6E4A81991E231150004F3BC5 /* JSON.swift in Sources */,
				6EA46C601DC932A600F57E8A /* ResponseParsing.swift in Sources */,
				6EA46C551DC7F4AD00F57E8A /* Review.swift in Sources */,
				6E4A819D1E231150004F3BC5 /* JSON+Parse.swift in Sources */,
				6EA46C2A1DC7EF8800F57E8A /* AppDelegate.swift in Sources */,
				6E18EC4A1E23E4AC00D93A7B /* Moya+Realm.swift in Sources */,
				6EA46C571DC7F4AD00F57E8A /* Order.swift in Sources */,
				6EA46C511DC7F4AD00F57E8A /* Vendor.swift in Sources */,
				6EA46C591DC7F4AD00F57E8A /* Box.swift in Sources */,
				6EA46C541DC7F4AD00F57E8A /* Session.swift in Sources */,
				6EA46C561DC7F4AD00F57E8A /* Picture.swift in Sources */,
				6EA46C5E1DC819D100F57E8A /* Server.swift in Sources */,
				6E4A819C1E231150004F3BC5 /* JSON+Node.swift in Sources */,
				6EA46C531DC7F4AD00F57E8A /* Shipping.swift in Sources */,
				6E4A81A01E231150004F3BC5 /* Sequence+Convertible.swift in Sources */,
				6EA46C621DC9394000F57E8A /* Boxes.swift in Sources */,
				6E18EC4F1E23E94900D93A7B /* BoxViewController.swift in Sources */,
				6EA46C411DC7F3B500F57E8A /* BoxTableViewController.swift in Sources */,
				6EA46C431DC7F3D300F57E8A /* BoxTableViewCell.swift in Sources */,
				6EA46C581DC7F4AD00F57E8A /* Category.swift in Sources */,
			);
			runOnlyForDeploymentPostprocessing = 0;
		};
/* End PBXSourcesBuildPhase section */

/* Begin PBXVariantGroup section */
		6EA46C321DC7EF8800F57E8A /* LaunchScreen.storyboard */ = {
			isa = PBXVariantGroup;
			children = (
				6EA46C331DC7EF8800F57E8A /* Base */,
			);
			name = LaunchScreen.storyboard;
			sourceTree = "<group>";
		};
/* End PBXVariantGroup section */

/* Begin XCBuildConfiguration section */
		6EA46C361DC7EF8800F57E8A /* Debug */ = {
			isa = XCBuildConfiguration;
			buildSettings = {
				ALWAYS_SEARCH_USER_PATHS = NO;
				CLANG_ANALYZER_NONNULL = YES;
				CLANG_CXX_LANGUAGE_STANDARD = "gnu++0x";
				CLANG_CXX_LIBRARY = "libc++";
				CLANG_ENABLE_MODULES = YES;
				CLANG_ENABLE_OBJC_ARC = YES;
				CLANG_WARN_BOOL_CONVERSION = YES;
				CLANG_WARN_CONSTANT_CONVERSION = YES;
				CLANG_WARN_DIRECT_OBJC_ISA_USAGE = YES_ERROR;
				CLANG_WARN_DOCUMENTATION_COMMENTS = YES;
				CLANG_WARN_EMPTY_BODY = YES;
				CLANG_WARN_ENUM_CONVERSION = YES;
				CLANG_WARN_INFINITE_RECURSION = YES;
				CLANG_WARN_INT_CONVERSION = YES;
				CLANG_WARN_OBJC_ROOT_CLASS = YES_ERROR;
				CLANG_WARN_SUSPICIOUS_MOVE = YES;
				CLANG_WARN_SUSPICIOUS_MOVES = YES;
				CLANG_WARN_UNREACHABLE_CODE = YES;
				CLANG_WARN__DUPLICATE_METHOD_MATCH = YES;
				"CODE_SIGN_IDENTITY[sdk=iphoneos*]" = "iPhone Developer";
				COPY_PHASE_STRIP = NO;
				DEBUG_INFORMATION_FORMAT = dwarf;
				ENABLE_STRICT_OBJC_MSGSEND = YES;
				ENABLE_TESTABILITY = YES;
				GCC_C_LANGUAGE_STANDARD = gnu99;
				GCC_DYNAMIC_NO_PIC = NO;
				GCC_NO_COMMON_BLOCKS = YES;
				GCC_OPTIMIZATION_LEVEL = 0;
				GCC_PREPROCESSOR_DEFINITIONS = (
					"DEBUG=1",
					"$(inherited)",
				);
				GCC_WARN_64_TO_32_BIT_CONVERSION = YES;
				GCC_WARN_ABOUT_RETURN_TYPE = YES_ERROR;
				GCC_WARN_UNDECLARED_SELECTOR = YES;
				GCC_WARN_UNINITIALIZED_AUTOS = YES_AGGRESSIVE;
				GCC_WARN_UNUSED_FUNCTION = YES;
				GCC_WARN_UNUSED_VARIABLE = YES;
				IPHONEOS_DEPLOYMENT_TARGET = 10.1;
				MTL_ENABLE_DEBUG_INFO = YES;
				ONLY_ACTIVE_ARCH = YES;
				SDKROOT = iphoneos;
				SWIFT_ACTIVE_COMPILATION_CONDITIONS = DEBUG;
				SWIFT_OPTIMIZATION_LEVEL = "-Onone";
				TARGETED_DEVICE_FAMILY = "1,2";
			};
			name = Debug;
		};
		6EA46C371DC7EF8800F57E8A /* Release */ = {
			isa = XCBuildConfiguration;
			buildSettings = {
				ALWAYS_SEARCH_USER_PATHS = NO;
				CLANG_ANALYZER_NONNULL = YES;
				CLANG_CXX_LANGUAGE_STANDARD = "gnu++0x";
				CLANG_CXX_LIBRARY = "libc++";
				CLANG_ENABLE_MODULES = YES;
				CLANG_ENABLE_OBJC_ARC = YES;
				CLANG_WARN_BOOL_CONVERSION = YES;
				CLANG_WARN_CONSTANT_CONVERSION = YES;
				CLANG_WARN_DIRECT_OBJC_ISA_USAGE = YES_ERROR;
				CLANG_WARN_DOCUMENTATION_COMMENTS = YES;
				CLANG_WARN_EMPTY_BODY = YES;
				CLANG_WARN_ENUM_CONVERSION = YES;
				CLANG_WARN_INFINITE_RECURSION = YES;
				CLANG_WARN_INT_CONVERSION = YES;
				CLANG_WARN_OBJC_ROOT_CLASS = YES_ERROR;
				CLANG_WARN_SUSPICIOUS_MOVE = YES;
				CLANG_WARN_SUSPICIOUS_MOVES = YES;
				CLANG_WARN_UNREACHABLE_CODE = YES;
				CLANG_WARN__DUPLICATE_METHOD_MATCH = YES;
				"CODE_SIGN_IDENTITY[sdk=iphoneos*]" = "iPhone Developer";
				COPY_PHASE_STRIP = NO;
				DEBUG_INFORMATION_FORMAT = "dwarf-with-dsym";
				ENABLE_NS_ASSERTIONS = NO;
				ENABLE_STRICT_OBJC_MSGSEND = YES;
				GCC_C_LANGUAGE_STANDARD = gnu99;
				GCC_NO_COMMON_BLOCKS = YES;
				GCC_WARN_64_TO_32_BIT_CONVERSION = YES;
				GCC_WARN_ABOUT_RETURN_TYPE = YES_ERROR;
				GCC_WARN_UNDECLARED_SELECTOR = YES;
				GCC_WARN_UNINITIALIZED_AUTOS = YES_AGGRESSIVE;
				GCC_WARN_UNUSED_FUNCTION = YES;
				GCC_WARN_UNUSED_VARIABLE = YES;
				IPHONEOS_DEPLOYMENT_TARGET = 10.1;
				MTL_ENABLE_DEBUG_INFO = NO;
				SDKROOT = iphoneos;
				SWIFT_OPTIMIZATION_LEVEL = "-Owholemodule";
				TARGETED_DEVICE_FAMILY = "1,2";
				VALIDATE_PRODUCT = YES;
			};
			name = Release;
		};
		6EA46C391DC7EF8800F57E8A /* Debug */ = {
			isa = XCBuildConfiguration;
			baseConfigurationReference = 0EC54C53D707E5ABCC4AC721 /* Pods-instacrate-ios.debug.xcconfig */;
			buildSettings = {
				ASSETCATALOG_COMPILER_APPICON_NAME = AppIcon;
				DEVELOPMENT_TEAM = XE46VNG5UN;
				INFOPLIST_FILE = "instacrate-ios/Info.plist";
				LD_RUNPATH_SEARCH_PATHS = "$(inherited) @executable_path/Frameworks";
				PRODUCT_BUNDLE_IDENTIFIER = "com.instacrate.instacrate-ios";
				PRODUCT_NAME = "$(TARGET_NAME)";
				SWIFT_VERSION = 3.0;
			};
			name = Debug;
		};
		6EA46C3A1DC7EF8800F57E8A /* Release */ = {
			isa = XCBuildConfiguration;
			baseConfigurationReference = 84225ED4A0FAE2F3E86E50ED /* Pods-instacrate-ios.release.xcconfig */;
			buildSettings = {
				ASSETCATALOG_COMPILER_APPICON_NAME = AppIcon;
				DEVELOPMENT_TEAM = XE46VNG5UN;
				INFOPLIST_FILE = "instacrate-ios/Info.plist";
				LD_RUNPATH_SEARCH_PATHS = "$(inherited) @executable_path/Frameworks";
				PRODUCT_BUNDLE_IDENTIFIER = "com.instacrate.instacrate-ios";
				PRODUCT_NAME = "$(TARGET_NAME)";
				SWIFT_VERSION = 3.0;
			};
			name = Release;
		};
/* End XCBuildConfiguration section */

/* Begin XCConfigurationList section */
		6EA46C211DC7EF8800F57E8A /* Build configuration list for PBXProject "instacrate-ios" */ = {
			isa = XCConfigurationList;
			buildConfigurations = (
				6EA46C361DC7EF8800F57E8A /* Debug */,
				6EA46C371DC7EF8800F57E8A /* Release */,
			);
			defaultConfigurationIsVisible = 0;
			defaultConfigurationName = Release;
		};
		6EA46C381DC7EF8800F57E8A /* Build configuration list for PBXNativeTarget "instacrate-ios" */ = {
			isa = XCConfigurationList;
			buildConfigurations = (
				6EA46C391DC7EF8800F57E8A /* Debug */,
				6EA46C3A1DC7EF8800F57E8A /* Release */,
			);
			defaultConfigurationIsVisible = 0;
			defaultConfigurationName = Release;
		};
/* End XCConfigurationList section */
	};
	rootObject = 6EA46C1E1DC7EF8800F57E8A /* Project object */;
}
