PODS:
  - Alamofire (4.0.1)
  - Gloss (1.1.0)
  - Moya (8.0.0-beta.3):
    - Moya/Core (= 8.0.0-beta.3)
  - Moya-Gloss (2.0.0-beta.3):
    - Moya-Gloss/Core (= 2.0.0-beta.3)
  - Moya-Gloss/Core (2.0.0-beta.3):
    - Gloss (~> 1.0)
    - Moya (~> 8.0.0-beta.2)
  - Moya/Core (8.0.0-beta.3):
    - Alamofire (~> 4.0.0)
    - Result
  - Nuke (4.1.2)
  - Nuke-Alamofire-Plugin (1.0.1):
    - Alamofire (~> 4.0)
    - Nuke (~> 4.0)
  - Realm (2.0.3):
    - Realm/Headers (= 2.0.3)
  - Realm/Headers (2.0.3)
  - RealmSwift (2.0.3):
    - Realm (= 2.0.3)
  - Result (3.0.0)

DEPENDENCIES:
  - Gloss (~> 1.1)
  - Moya (= 8.0.0-beta.3)
  - Moya-Gloss (from `https://github.com/marvin-yorke/Moya-Gloss`, commit `611eb9160fa35ea998aee82998865f36f501db9e`)
  - Nuke (~> 4.0)
  - Nuke-Alamofire-Plugin
  - RealmSwift (~> 2.0)

EXTERNAL SOURCES:
  Moya-Gloss:
    :commit: 611eb9160fa35ea998aee82998865f36f501db9e
    :git: https://github.com/marvin-yorke/Moya-Gloss

CHECKOUT OPTIONS:
  Moya-Gloss:
    :commit: 611eb9160fa35ea998aee82998865f36f501db9e
    :git: https://github.com/marvin-yorke/Moya-Gloss

SPEC CHECKSUMS:
  Alamofire: 7682d43245de14874acd142ec137b144aa1dd335
  Gloss: a8340c124ff69c5d1c12e06c252373f4a16d2958
  Moya: f83c7f81eaa28cb0151549dfcf1f3fda4440bb50
  Moya-Gloss: a1c07d080f366e0c8904c4c1936a95a29441f60a
  Nuke: 7cfd2acdf90c36f66e6ea40795bac0d851a9afe0
  Nuke-Alamofire-Plugin: 4832f6786825e3d0d528757828b48c82e6e85225
  Realm: 5f008bfe3c8c47142eddfc30b8c1584cde22db24
  RealmSwift: 5afb451f65b682242f272dbb52d5c6f6e343c980
  Result: 1b3e431f37cbcd3ad89c6aa9ab0ae55515fae3b6

PODFILE CHECKSUM: 644a6d0aa13fb0a5a9934928fac6a11391e5e6d4

COCOAPODS: 1.1.1
